Microsoft Visual Studio Solution File, Format Version 12.00
# Visual Studio Version 17
VisualStudioVersion = 17.5.2.0
MinimumVisualStudioVersion = 10.0.40219.1
Project("{FAE04EC0-301F-11D3-BF4B-00C04F79EFBC}") = "com", "com.csproj", "{463ADCD7-0076-BF1A-9AF5-38AD09302F9F}"
EndProject
Global
	GlobalSection(SolutionConfigurationPlatforms) = preSolution
		Debug|Any CPU = Debug|Any CPU
		Release|Any CPU = Release|Any CPU
	EndGlobalSection
	GlobalSection(ProjectConfigurationPlatforms) = postSolution
		{463ADCD7-0076-BF1A-9AF5-38AD09302F9F}.Debug|Any CPU.ActiveCfg = Debug|Any CPU
		{463ADCD7-0076-BF1A-9AF5-38AD09302F9F}.Debug|Any CPU.Build.0 = Debug|Any CPU
		{463ADCD7-0076-BF1A-9AF5-38AD09302F9F}.Release|Any CPU.ActiveCfg = Release|Any CPU
		{463ADCD7-0076-BF1A-9AF5-38AD09302F9F}.Release|Any CPU.Build.0 = Release|Any CPU
	EndGlobalSection
	GlobalSection(SolutionProperties) = preSolution
		HideSolutionNode = FALSE
	EndGlobalSection
	GlobalSection(ExtensibilityGlobals) = postSolution
		SolutionGuid = {E98298BD-1E0D-489D-A282-1A428DEEC773}
	EndGlobalSection
EndGlobal
